
Microsoft Visual Studio Solution File, Format Version 12.00
# Visual Studio 15
VisualStudioVersion = 15.0.28010.2048
MinimumVisualStudioVersion = 10.0.40219.1
Project("{FAE04EC0-301F-11D3-BF4B-00C04F79EFBC}") = "GDPR_DatabaseManager", "GDPR_DatabaseManager\GDPR_DatabaseManager.csproj", "{15826C8F-7A40-4175-AE17-82C43F0AD3CC}"
EndProject
Global
	GlobalSection(SolutionConfigurationPlatforms) = preSolution
		Debug|Any CPU = Debug|Any CPU
		Release|Any CPU = Release|Any CPU
	EndGlobalSection
	GlobalSection(ProjectConfigurationPlatforms) = postSolution
		{15826C8F-7A40-4175-AE17-82C43F0AD3CC}.Debug|Any CPU.ActiveCfg = Debug|Any CPU
		{15826C8F-7A40-4175-AE17-82C43F0AD3CC}.Debug|Any CPU.Build.0 = Debug|Any CPU
		{15826C8F-7A40-4175-AE17-82C43F0AD3CC}.Release|Any CPU.ActiveCfg = Release|Any CPU
		{15826C8F-7A40-4175-AE17-82C43F0AD3CC}.Release|Any CPU.Build.0 = Release|Any CPU
	EndGlobalSection
	GlobalSection(SolutionProperties) = preSolution
		HideSolutionNode = FALSE
	EndGlobalSection
	GlobalSection(ExtensibilityGlobals) = postSolution
		SolutionGuid = {1AA7D5A3-E2FA-45D1-964C-AED6C8E3870B}
	EndGlobalSection
EndGlobal
